
Microsoft Visual Studio Solution File, Format Version 12.00
# Visual Studio Version 16
VisualStudioVersion = 16.0.31729.503
MinimumVisualStudioVersion = 10.0.40219.1
Project("{FAE04EC0-301F-11D3-BF4B-00C04F79EFBC}") = "HotelGroupSystem", "HotelGroupSystem\HotelGroupSystem.csproj", "{0997C3C7-B683-41EB-957F-85E71CEB8A6F}"
EndProject
Project("{00D1A9C2-B5F0-4AF3-8072-F6C62B433612}") = "HotelDatabase", "HotelDatabase\HotelDatabase.sqlproj", "{62206472-5733-4530-B18C-93D5DDEBBAED}"
EndProject
Project("{2150E333-8FDC-42A3-9474-1A3956D46DE8}") = "Solution Items", "Solution Items", "{9DEC76A1-C39C-431D-BB74-D41832D81244}"
	ProjectSection(SolutionItems) = preProject
		.editorconfig = .editorconfig
	EndProjectSection
EndProject
Global
	GlobalSection(SolutionConfigurationPlatforms) = preSolution
		Debug|Any CPU = Debug|Any CPU
		Release|Any CPU = Release|Any CPU
	EndGlobalSection
	GlobalSection(ProjectConfigurationPlatforms) = postSolution
		{0997C3C7-B683-41EB-957F-85E71CEB8A6F}.Debug|Any CPU.ActiveCfg = Debug|Any CPU
		{0997C3C7-B683-41EB-957F-85E71CEB8A6F}.Debug|Any CPU.Build.0 = Debug|Any CPU
		{0997C3C7-B683-41EB-957F-85E71CEB8A6F}.Release|Any CPU.ActiveCfg = Release|Any CPU
		{0997C3C7-B683-41EB-957F-85E71CEB8A6F}.Release|Any CPU.Build.0 = Release|Any CPU
		{62206472-5733-4530-B18C-93D5DDEBBAED}.Debug|Any CPU.ActiveCfg = Debug|Any CPU
		{62206472-5733-4530-B18C-93D5DDEBBAED}.Debug|Any CPU.Build.0 = Debug|Any CPU
		{62206472-5733-4530-B18C-93D5DDEBBAED}.Debug|Any CPU.Deploy.0 = Debug|Any CPU
		{62206472-5733-4530-B18C-93D5DDEBBAED}.Release|Any CPU.ActiveCfg = Release|Any CPU
		{62206472-5733-4530-B18C-93D5DDEBBAED}.Release|Any CPU.Build.0 = Release|Any CPU
		{62206472-5733-4530-B18C-93D5DDEBBAED}.Release|Any CPU.Deploy.0 = Release|Any CPU
	EndGlobalSection
	GlobalSection(SolutionProperties) = preSolution
		HideSolutionNode = FALSE
	EndGlobalSection
	GlobalSection(ExtensibilityGlobals) = postSolution
		SolutionGuid = {05DC11BD-79D9-411E-8462-38060FF83F68}
	EndGlobalSection
EndGlobal
